
Microsoft Visual Studio Solution File, Format Version 12.00
Project("{FAE04EC0-301F-11D3-BF4B-00C04F79EFBC}") = "countries_extractor", "countries_extractor\countries_extractor.csproj", "{56A0BB1D-8F8F-41F5-B158-DA248318D75A}"
EndProject
Global
	GlobalSection(SolutionConfigurationPlatforms) = preSolution
		Debug|Any CPU = Debug|Any CPU
		Release|Any CPU = Release|Any CPU
	EndGlobalSection
	GlobalSection(ProjectConfigurationPlatforms) = postSolution
		{56A0BB1D-8F8F-41F5-B158-DA248318D75A}.Debug|Any CPU.ActiveCfg = Debug|Any CPU
		{56A0BB1D-8F8F-41F5-B158-DA248318D75A}.Debug|Any CPU.Build.0 = Debug|Any CPU
		{56A0BB1D-8F8F-41F5-B158-DA248318D75A}.Release|Any CPU.ActiveCfg = Release|Any CPU
		{56A0BB1D-8F8F-41F5-B158-DA248318D75A}.Release|Any CPU.Build.0 = Release|Any CPU
	EndGlobalSection
EndGlobal
